
Microsoft Visual Studio Solution File, Format Version 12.00
Project("{FAE04EC0-301F-11D3-BF4B-00C04F79EFBC}") = "Lucca.Api", "Lucca.Api\Lucca.Api.csproj", "{A6AA6B2C-C1C5-4968-9E82-F9E288B08656}"
EndProject
Project("{2150E333-8FDC-42A3-9474-1A3956D46DE8}") = "Sources", "Sources", "{9EB831A4-0994-4429-A1A5-014F96A8F9A1}"
EndProject
Project("{FAE04EC0-301F-11D3-BF4B-00C04F79EFBC}") = "Lucca.Domain", "Lucca.Domain\Lucca.Domain.csproj", "{705568FD-0805-4E36-827B-B1C9D0685810}"
EndProject
Project("{FAE04EC0-301F-11D3-BF4B-00C04F79EFBC}") = "Lucca.Infrastructure", "Lucca.Infrastructure\Lucca.Infrastructure.csproj", "{643D4204-384B-4BAF-8529-EE6B68220EB0}"
EndProject
Project("{2150E333-8FDC-42A3-9474-1A3956D46DE8}") = "ExpenseContext", "ExpenseContext", "{0183396B-CEA7-4AF3-AF44-DF8DC7DDFA08}"
EndProject
Project("{2150E333-8FDC-42A3-9474-1A3956D46DE8}") = "ReadSide", "ReadSide", "{FD926A7C-CD77-471E-BA7A-2A0A9C0DC327}"
EndProject
Project("{2150E333-8FDC-42A3-9474-1A3956D46DE8}") = "WriteSide", "WriteSide", "{6B83CF8E-095C-425C-9E77-E4C00EB750E5}"
	ProjectSection(SolutionItems) = preProject
		CreateAnExpense.md = CreateAnExpense.md
	EndProjectSection
EndProject
Project("{FAE04EC0-301F-11D3-BF4B-00C04F79EFBC}") = "Lucca.ReadSide.Api", "Lucca.ReadSide.Api\Lucca.ReadSide.Api.csproj", "{32A23D05-B490-4904-B407-2D41F78BB1FB}"
EndProject
Project("{FAE04EC0-301F-11D3-BF4B-00C04F79EFBC}") = "Lucca.ReadSide.Infrastructure", "Lucca.ReadSide.Infrastructure\Lucca.ReadSide.Infrastructure.csproj", "{80EC0F4F-05F1-430E-BAD8-768FAC981A58}"
EndProject
Project("{2150E333-8FDC-42A3-9474-1A3956D46DE8}") = "Sources", "Sources", "{818F3411-00BC-4132-B93C-7CE3933E1631}"
EndProject
Project("{FAE04EC0-301F-11D3-BF4B-00C04F79EFBC}") = "Lucca.ReadSide.Core", "Lucca.ReadSide.Core\Lucca.ReadSide.Core.csproj", "{7EF2C55C-BFFE-49D5-9A7C-579DCE4A9682}"
EndProject
Project("{2150E333-8FDC-42A3-9474-1A3956D46DE8}") = "Tests", "Tests", "{49A36E54-4D5F-4998-970A-6A492EC64EDE}"
EndProject
Project("{2150E333-8FDC-42A3-9474-1A3956D46DE8}") = "Tests", "Tests", "{ED219AD4-509F-429A-95EB-6ECC56F55025}"
EndProject
Project("{FAE04EC0-301F-11D3-BF4B-00C04F79EFBC}") = "Lucca.Domain.Tests", "Lucca.Domain.Tests\Lucca.Domain.Tests.csproj", "{7D39DA62-B585-4EE2-B0BB-49A027755DA0}"
EndProject
Project("{FAE04EC0-301F-11D3-BF4B-00C04F79EFBC}") = "Lucca.End2EndTests", "Lucca.End2EndTests\Lucca.End2EndTests.csproj", "{5F6C5255-6814-4F62-9284-FABD07D21FD7}"
EndProject
Project("{FAE04EC0-301F-11D3-BF4B-00C04F79EFBC}") = "Lucca.ReadSide.Core.Tests", "Lucca.ReadSide.Core.Tests\Lucca.ReadSide.Core.Tests.csproj", "{F87EE992-D76A-4AFE-983A-1D1EB4896B27}"
EndProject
Project("{FAE04EC0-301F-11D3-BF4B-00C04F79EFBC}") = "Lucca.ReadSide.End2EndTests", "Lucca.ReadSide.End2EndTests\Lucca.ReadSide.End2EndTests.csproj", "{0DDDF3B9-1345-4033-9C3E-032DD20DCE5F}"
EndProject
Project("{FAE04EC0-301F-11D3-BF4B-00C04F79EFBC}") = "Lucca.Infrastructure.Tests", "Lucca.Infrastructure.Tests\Lucca.Infrastructure.Tests.csproj", "{AA33B869-DE17-42C1-AF86-DAA16FDEE31A}"
EndProject
Project("{2150E333-8FDC-42A3-9474-1A3956D46DE8}") = "Shared", "Shared", "{B927345C-20C5-4191-BAC7-DC968D628727}"
EndProject
Project("{FAE04EC0-301F-11D3-BF4B-00C04F79EFBC}") = "Lucca.Shared.Tests", "Lucca.Shared.Tests\Lucca.Shared.Tests.csproj", "{0E49AF16-2A77-4D2D-BD3D-7402FC7C1007}"
EndProject
Project("{FAE04EC0-301F-11D3-BF4B-00C04F79EFBC}") = "Lucca.Shared.Ressources", "Lucca.Shared.Ressources\Lucca.Shared.Ressources.csproj", "{94A5B157-DD15-40DF-91D6-13D0F5EADAA9}"
EndProject
Global
	GlobalSection(SolutionConfigurationPlatforms) = preSolution
		Debug|Any CPU = Debug|Any CPU
		Release|Any CPU = Release|Any CPU
	EndGlobalSection
	GlobalSection(ProjectConfigurationPlatforms) = postSolution
		{A6AA6B2C-C1C5-4968-9E82-F9E288B08656}.Debug|Any CPU.ActiveCfg = Debug|Any CPU
		{A6AA6B2C-C1C5-4968-9E82-F9E288B08656}.Debug|Any CPU.Build.0 = Debug|Any CPU
		{A6AA6B2C-C1C5-4968-9E82-F9E288B08656}.Release|Any CPU.ActiveCfg = Release|Any CPU
		{A6AA6B2C-C1C5-4968-9E82-F9E288B08656}.Release|Any CPU.Build.0 = Release|Any CPU
		{705568FD-0805-4E36-827B-B1C9D0685810}.Debug|Any CPU.ActiveCfg = Debug|Any CPU
		{705568FD-0805-4E36-827B-B1C9D0685810}.Debug|Any CPU.Build.0 = Debug|Any CPU
		{705568FD-0805-4E36-827B-B1C9D0685810}.Release|Any CPU.ActiveCfg = Release|Any CPU
		{705568FD-0805-4E36-827B-B1C9D0685810}.Release|Any CPU.Build.0 = Release|Any CPU
		{643D4204-384B-4BAF-8529-EE6B68220EB0}.Debug|Any CPU.ActiveCfg = Debug|Any CPU
		{643D4204-384B-4BAF-8529-EE6B68220EB0}.Debug|Any CPU.Build.0 = Debug|Any CPU
		{643D4204-384B-4BAF-8529-EE6B68220EB0}.Release|Any CPU.ActiveCfg = Release|Any CPU
		{643D4204-384B-4BAF-8529-EE6B68220EB0}.Release|Any CPU.Build.0 = Release|Any CPU
		{32A23D05-B490-4904-B407-2D41F78BB1FB}.Debug|Any CPU.ActiveCfg = Debug|Any CPU
		{32A23D05-B490-4904-B407-2D41F78BB1FB}.Debug|Any CPU.Build.0 = Debug|Any CPU
		{32A23D05-B490-4904-B407-2D41F78BB1FB}.Release|Any CPU.ActiveCfg = Release|Any CPU
		{32A23D05-B490-4904-B407-2D41F78BB1FB}.Release|Any CPU.Build.0 = Release|Any CPU
		{80EC0F4F-05F1-430E-BAD8-768FAC981A58}.Debug|Any CPU.ActiveCfg = Debug|Any CPU
		{80EC0F4F-05F1-430E-BAD8-768FAC981A58}.Debug|Any CPU.Build.0 = Debug|Any CPU
		{80EC0F4F-05F1-430E-BAD8-768FAC981A58}.Release|Any CPU.ActiveCfg = Release|Any CPU
		{80EC0F4F-05F1-430E-BAD8-768FAC981A58}.Release|Any CPU.Build.0 = Release|Any CPU
		{7EF2C55C-BFFE-49D5-9A7C-579DCE4A9682}.Debug|Any CPU.ActiveCfg = Debug|Any CPU
		{7EF2C55C-BFFE-49D5-9A7C-579DCE4A9682}.Debug|Any CPU.Build.0 = Debug|Any CPU
		{7EF2C55C-BFFE-49D5-9A7C-579DCE4A9682}.Release|Any CPU.ActiveCfg = Release|Any CPU
		{7EF2C55C-BFFE-49D5-9A7C-579DCE4A9682}.Release|Any CPU.Build.0 = Release|Any CPU
		{7D39DA62-B585-4EE2-B0BB-49A027755DA0}.Debug|Any CPU.ActiveCfg = Debug|Any CPU
		{7D39DA62-B585-4EE2-B0BB-49A027755DA0}.Debug|Any CPU.Build.0 = Debug|Any CPU
		{7D39DA62-B585-4EE2-B0BB-49A027755DA0}.Release|Any CPU.ActiveCfg = Release|Any CPU
		{7D39DA62-B585-4EE2-B0BB-49A027755DA0}.Release|Any CPU.Build.0 = Release|Any CPU
		{5F6C5255-6814-4F62-9284-FABD07D21FD7}.Debug|Any CPU.ActiveCfg = Debug|Any CPU
		{5F6C5255-6814-4F62-9284-FABD07D21FD7}.Debug|Any CPU.Build.0 = Debug|Any CPU
		{5F6C5255-6814-4F62-9284-FABD07D21FD7}.Release|Any CPU.ActiveCfg = Release|Any CPU
		{5F6C5255-6814-4F62-9284-FABD07D21FD7}.Release|Any CPU.Build.0 = Release|Any CPU
		{F87EE992-D76A-4AFE-983A-1D1EB4896B27}.Debug|Any CPU.ActiveCfg = Debug|Any CPU
		{F87EE992-D76A-4AFE-983A-1D1EB4896B27}.Debug|Any CPU.Build.0 = Debug|Any CPU
		{F87EE992-D76A-4AFE-983A-1D1EB4896B27}.Release|Any CPU.ActiveCfg = Release|Any CPU
		{F87EE992-D76A-4AFE-983A-1D1EB4896B27}.Release|Any CPU.Build.0 = Release|Any CPU
		{0DDDF3B9-1345-4033-9C3E-032DD20DCE5F}.Debug|Any CPU.ActiveCfg = Debug|Any CPU
		{0DDDF3B9-1345-4033-9C3E-032DD20DCE5F}.Debug|Any CPU.Build.0 = Debug|Any CPU
		{0DDDF3B9-1345-4033-9C3E-032DD20DCE5F}.Release|Any CPU.ActiveCfg = Release|Any CPU
		{0DDDF3B9-1345-4033-9C3E-032DD20DCE5F}.Release|Any CPU.Build.0 = Release|Any CPU
		{AA33B869-DE17-42C1-AF86-DAA16FDEE31A}.Debug|Any CPU.ActiveCfg = Debug|Any CPU
		{AA33B869-DE17-42C1-AF86-DAA16FDEE31A}.Debug|Any CPU.Build.0 = Debug|Any CPU
		{AA33B869-DE17-42C1-AF86-DAA16FDEE31A}.Release|Any CPU.ActiveCfg = Release|Any CPU
		{AA33B869-DE17-42C1-AF86-DAA16FDEE31A}.Release|Any CPU.Build.0 = Release|Any CPU
		{0E49AF16-2A77-4D2D-BD3D-7402FC7C1007}.Debug|Any CPU.ActiveCfg = Debug|Any CPU
		{0E49AF16-2A77-4D2D-BD3D-7402FC7C1007}.Debug|Any CPU.Build.0 = Debug|Any CPU
		{0E49AF16-2A77-4D2D-BD3D-7402FC7C1007}.Release|Any CPU.ActiveCfg = Release|Any CPU
		{0E49AF16-2A77-4D2D-BD3D-7402FC7C1007}.Release|Any CPU.Build.0 = Release|Any CPU
		{94A5B157-DD15-40DF-91D6-13D0F5EADAA9}.Debug|Any CPU.ActiveCfg = Debug|Any CPU
		{94A5B157-DD15-40DF-91D6-13D0F5EADAA9}.Debug|Any CPU.Build.0 = Debug|Any CPU
		{94A5B157-DD15-40DF-91D6-13D0F5EADAA9}.Release|Any CPU.ActiveCfg = Release|Any CPU
		{94A5B157-DD15-40DF-91D6-13D0F5EADAA9}.Release|Any CPU.Build.0 = Release|Any CPU
	EndGlobalSection
	GlobalSection(NestedProjects) = preSolution
		{A6AA6B2C-C1C5-4968-9E82-F9E288B08656} = {9EB831A4-0994-4429-A1A5-014F96A8F9A1}
		{705568FD-0805-4E36-827B-B1C9D0685810} = {9EB831A4-0994-4429-A1A5-014F96A8F9A1}
		{643D4204-384B-4BAF-8529-EE6B68220EB0} = {9EB831A4-0994-4429-A1A5-014F96A8F9A1}
		{FD926A7C-CD77-471E-BA7A-2A0A9C0DC327} = {0183396B-CEA7-4AF3-AF44-DF8DC7DDFA08}
		{6B83CF8E-095C-425C-9E77-E4C00EB750E5} = {0183396B-CEA7-4AF3-AF44-DF8DC7DDFA08}
		{9EB831A4-0994-4429-A1A5-014F96A8F9A1} = {6B83CF8E-095C-425C-9E77-E4C00EB750E5}
		{818F3411-00BC-4132-B93C-7CE3933E1631} = {FD926A7C-CD77-471E-BA7A-2A0A9C0DC327}
		{80EC0F4F-05F1-430E-BAD8-768FAC981A58} = {818F3411-00BC-4132-B93C-7CE3933E1631}
		{32A23D05-B490-4904-B407-2D41F78BB1FB} = {818F3411-00BC-4132-B93C-7CE3933E1631}
		{7EF2C55C-BFFE-49D5-9A7C-579DCE4A9682} = {818F3411-00BC-4132-B93C-7CE3933E1631}
		{49A36E54-4D5F-4998-970A-6A492EC64EDE} = {FD926A7C-CD77-471E-BA7A-2A0A9C0DC327}
		{ED219AD4-509F-429A-95EB-6ECC56F55025} = {6B83CF8E-095C-425C-9E77-E4C00EB750E5}
		{7D39DA62-B585-4EE2-B0BB-49A027755DA0} = {ED219AD4-509F-429A-95EB-6ECC56F55025}
		{5F6C5255-6814-4F62-9284-FABD07D21FD7} = {ED219AD4-509F-429A-95EB-6ECC56F55025}
		{F87EE992-D76A-4AFE-983A-1D1EB4896B27} = {49A36E54-4D5F-4998-970A-6A492EC64EDE}
		{0DDDF3B9-1345-4033-9C3E-032DD20DCE5F} = {49A36E54-4D5F-4998-970A-6A492EC64EDE}
		{AA33B869-DE17-42C1-AF86-DAA16FDEE31A} = {ED219AD4-509F-429A-95EB-6ECC56F55025}
		{B927345C-20C5-4191-BAC7-DC968D628727} = {0183396B-CEA7-4AF3-AF44-DF8DC7DDFA08}
		{0E49AF16-2A77-4D2D-BD3D-7402FC7C1007} = {B927345C-20C5-4191-BAC7-DC968D628727}
		{94A5B157-DD15-40DF-91D6-13D0F5EADAA9} = {B927345C-20C5-4191-BAC7-DC968D628727}
	EndGlobalSection
EndGlobal
